
Microsoft Visual Studio Solution File, Format Version 12.00
# Visual Studio Version 16
VisualStudioVersion = 16.0.30804.86
MinimumVisualStudioVersion = 10.0.40219.1
Project("{9A19103F-16F7-4668-BE54-9A1E7A4F7556}") = "Person.Model.ValueObjects", "Person.Model.ValueObjects\Person.Model.ValueObjects.csproj", "{F591264F-8CF6-471A-A4CB-E923F5DABCF5}"
EndProject
Project("{FAE04EC0-301F-11D3-BF4B-00C04F79EFBC}") = "Person.Model.ValueObjectsTests", "Person.Model.ValueObjectsTests\Person.Model.ValueObjectsTests.csproj", "{820F9A72-BF5C-41A9-AF01-17E989CA6F02}"
EndProject
Global
	GlobalSection(SolutionConfigurationPlatforms) = preSolution
		Debug|Any CPU = Debug|Any CPU
		Release|Any CPU = Release|Any CPU
	EndGlobalSection
	GlobalSection(ProjectConfigurationPlatforms) = postSolution
		{F591264F-8CF6-471A-A4CB-E923F5DABCF5}.Debug|Any CPU.ActiveCfg = Debug|Any CPU
		{F591264F-8CF6-471A-A4CB-E923F5DABCF5}.Debug|Any CPU.Build.0 = Debug|Any CPU
		{F591264F-8CF6-471A-A4CB-E923F5DABCF5}.Release|Any CPU.ActiveCfg = Release|Any CPU
		{F591264F-8CF6-471A-A4CB-E923F5DABCF5}.Release|Any CPU.Build.0 = Release|Any CPU
		{820F9A72-BF5C-41A9-AF01-17E989CA6F02}.Debug|Any CPU.ActiveCfg = Debug|Any CPU
		{820F9A72-BF5C-41A9-AF01-17E989CA6F02}.Debug|Any CPU.Build.0 = Debug|Any CPU
		{820F9A72-BF5C-41A9-AF01-17E989CA6F02}.Release|Any CPU.ActiveCfg = Release|Any CPU
		{820F9A72-BF5C-41A9-AF01-17E989CA6F02}.Release|Any CPU.Build.0 = Release|Any CPU
	EndGlobalSection
	GlobalSection(SolutionProperties) = preSolution
		HideSolutionNode = FALSE
	EndGlobalSection
	GlobalSection(ExtensibilityGlobals) = postSolution
		SolutionGuid = {679D3863-F124-4270-9D4E-E085494C613A}
	EndGlobalSection
EndGlobal
